PODS:
  - Flutter (1.0.0)
  - geolocation (0.0.1):
    - Flutter

DEPENDENCIES:
  - Flutter (from `Pods/.symlinks/flutter/ios`)
  - geolocation (from `Pods/.symlinks/plugins/geolocation/ios`)

EXTERNAL SOURCES:
  Flutter:
    :path: Pods/.symlinks/flutter/ios
  geolocation:
    :path: Pods/.symlinks/plugins/geolocation/ios

SPEC CHECKSUMS:
  Flutter: 9d0fac939486c9aba2809b7982dfdbb47a7b0296
  geolocation: 3bc7405d8efd3e757b52ce85820cb613abd896cb

PODFILE CHECKSUM: c2762ce8317a0e5ab011483b2ae931fa1509d6a6

COCOAPODS: 1.5.3
